# THIS IS AN AUTOGENERATED FILE. DO NOT EDIT THIS FILE DIRECTLY.
# yarn lockfile v1


"@bluelovers/tsconfig@^1.0.35":
  version "1.0.35"
  resolved "https://registry.npmjs.org/@bluelovers/tsconfig/-/tsconfig-1.0.35.tgz#0dee63be63a6955af82e6c6b80f9c0fc2dbcf5af"
  integrity sha512-KjH71atoZsWso44tMLlZTRdwR9NGz6YQhmmcL6q5AbxZDxWyQNvq5DS9PLT4pB0z2Jt7+Qqc4EqkEsPwNM3gkg==
  dependencies:
    tslib "*"

"@types/node@*":
  version "20.12.12"
  resolved "https://registry.npmjs.org/@types/node/-/node-20.12.12.tgz#7cbecdf902085cec634fdb362172dfe12b8f2050"
  integrity sha512-eWLDGF/FOSPtAvEqeRAQ4C8LSA7M1I7i0ky1I8U7kD1J5ITyW3AsRhQrKVoWf5pFKZ2kILsEGJhsI9r93PYnOw==
  dependencies:
    undici-types "~5.26.4"

"@types/node@6.14.13":
  version "6.14.13"
  resolved "https://registry.npmjs.org/@types/node/-/node-6.14.13.tgz#b6649578fc0b5dac88c4ef48a46cab33c50a6c72"
  integrity sha512-J1F0XJ/9zxlZel5ZlbeSuHW2OpabrUAqpFuC2sm2I3by8sERQ8+KCjNKUcq8QHuzpGMWiJpo9ZxeHrqrP2KzQw==

"@types/picomatch@^2.3.3":
  version "2.3.3"
  resolved "https://registry.npmjs.org/@types/picomatch/-/picomatch-2.3.3.tgz#be60498568c19e989e43fb39aa84be1ed3655e92"
  integrity sha512-Yll76ZHikRFCyz/pffKGjrCwe/le2CDwOP5F210KQo27kpRE46U2rDnzikNlVn6/ezH3Mhn46bJMTfeVTtcYMg==

array-hyper-unique@^2.1.6:
  version "2.1.6"
  resolved "https://registry.npmjs.org/array-hyper-unique/-/array-hyper-unique-2.1.6.tgz#429412fd63b7bd7c920f6cdbf60d1dd292855b2e"
  integrity sha512-BdlHRqjKSYs88WFaVNVEc6Kv8ln/FdzCKPbcDPuWs4/EXkQFhnjc8TyR7hnPxRjcjo5LKOhUMGUWpAqRgeJvpA==
  dependencies:
    deep-eql "= 4.0.0"
    lodash "^4.17.21"

"deep-eql@= 4.0.0":
  version "4.0.0"
  resolved "https://registry.npmjs.org/deep-eql/-/deep-eql-4.0.0.tgz#c70af2713a4e18d9c2c1203ff9d11abbd51c8fbd"
  integrity sha512-GxJC5MOg2KyQlv6WiUF/VAnMj4MWnYiXo4oLgeptOELVoknyErb4Z8+5F/IM/K4g9/80YzzatxmWcyRwUseH0A==
  dependencies:
    type-detect "^4.0.0"

dot-values2@^2.0.7:
  version "2.0.7"
  resolved "https://registry.npmjs.org/dot-values2/-/dot-values2-2.0.7.tgz#f72f43f1482207c55325d5055ff3e1a7ff0a078e"
  integrity sha512-W5+QmuG3HLeOplIDuEBinZrUasWbkDu/be0ZG6faPMtUohTRUlX3le+mlohbtQThTeuYKfcRl2Ay2kZ8lbDhHw==
  dependencies:
    escape-split "^1.0.5"
    get-value "^3.0.1"
    has-value "^2.0.2"
    isobject "^4.0.0"
    set-value "^4.1.0"
    split-string "^6.1.0"
    ts-type "^3.0.1"
    tslib "^2"

escape-split@^1.0.5:
  version "1.0.5"
  resolved "https://registry.npmjs.org/escape-split/-/escape-split-1.0.5.tgz#60c92c1442ab1feccfdf9e3e5bf3f9af870a8be6"
  integrity sha512-VfSFk8rt681nAMtemCsrYaEym+LCNIYWR8DTV0tqD2mgq4bEH/eYdspSmXU6xJ2BxUTSYI5FxB/4awp5wAwITg==

fs-extra@^11.2.0:
  version "11.2.0"
  resolved "https://registry.npmjs.org/fs-extra/-/fs-extra-11.2.0.tgz#e70e17dfad64232287d01929399e0ea7c86b0e5b"
  integrity sha512-PmDi3uwK5nFuXh7XDTlVnS17xJS7vW36is2+w3xcv8SVxiB4NyATf4ctkVY5bkSjX0Y4nbvZCq1/EjtEyr9ktw==
  dependencies:
    graceful-fs "^4.2.0"
    jsonfile "^6.0.1"
    universalify "^2.0.0"

get-value@^3.0.0, get-value@^3.0.1:
  version "3.0.1"
  resolved "https://registry.npmjs.org/get-value/-/get-value-3.0.1.tgz#5efd2a157f1d6a516d7524e124ac52d0a39ef5a8"
  integrity sha512-mKZj9JLQrwMBtj5wxi6MH8Z5eSKaERpAwjg43dPtlGI1ZVEgH/qC7T8/6R2OBSUA+zzHBZgICsVJaEIV2tKTDA==
  dependencies:
    isobject "^3.0.1"

graceful-fs@^4.1.6, graceful-fs@^4.2.0:
  version "4.2.11"
  resolved "https://registry.npmjs.org/graceful-fs/-/graceful-fs-4.2.11.tgz#4183e4e8bf08bb6e05bbb2f7d2e0c8f712ca40e3"
  integrity sha512-RbJ5/jmFcNNCcDV5o9eTnBLJ/HszWV0P73bc+Ff4nS/rJj+YaS6IGyiOL0VoBYX+l1Wrl3k63h/KrH+nhJ0XvQ==

has-value@^2.0.2:
  version "2.0.2"
  resolved "https://registry.npmjs.org/has-value/-/has-value-2.0.2.tgz#d0f12e8780ba8e90e66ad1a21c707fdb67c25658"
  integrity sha512-ybKOlcRsK2MqrM3Hmz/lQxXHZ6ejzSPzpNabKB45jb5qDgJvKPa3SdapTsTLwEb9WltgWpOmNax7i+DzNOk4TA==
  dependencies:
    get-value "^3.0.0"
    has-values "^2.0.1"

has-values@^2.0.1:
  version "2.0.1"
  resolved "https://registry.npmjs.org/has-values/-/has-values-2.0.1.tgz#3876200ff86d8a8546a9264a952c17d5fc17579d"
  integrity sha512-+QdH3jOmq9P8GfdjFg0eJudqx1FqU62NQJ4P16rOEHeRdl7ckgwn6uqQjzYE0ZoHVV/e5E2esuJ5Gl5+HUW19w==
  dependencies:
    kind-of "^6.0.2"

is-plain-object@^2.0.4:
  version "2.0.4"
  resolved "https://registry.npmjs.org/is-plain-object/-/is-plain-object-2.0.4.tgz#2c163b3fafb1b606d9d17928f05c2a1c38e07677"
  integrity sha512-h5PpgXkWitc38BBMYawTYMWJHFZJVnBquFE57xFpjB8pJFiF6gZ+bU+WyI/yqXiFR5mdLsgYNaPe8uao6Uv9Og==
  dependencies:
    isobject "^3.0.1"

is-primitive@^3.0.1:
  version "3.0.1"
  resolved "https://registry.npmjs.org/is-primitive/-/is-primitive-3.0.1.tgz#98c4db1abff185485a657fc2905052b940524d05"
  integrity sha512-GljRxhWvlCNRfZyORiH77FwdFwGcMO620o37EOYC0ORWdq+WYNVqW0w2Juzew4M+L81l6/QS3t5gkkihyRqv9w==

isobject@^3.0.1:
  version "3.0.1"
  resolved "https://registry.npmjs.org/isobject/-/isobject-3.0.1.tgz#4e431e92b11a9731636aa1f9c8d1ccbcfdab78df"
  integrity sha512-WhB9zCku7EGTj/HQQRz5aUQEUeoQZH2bWcltRErOpymJ4boYE6wL9Tbr23krRPSZ+C5zqNSrSw+Cc7sZZ4b7vg==

isobject@^4.0.0:
  version "4.0.0"
  resolved "https://registry.npmjs.org/isobject/-/isobject-4.0.0.tgz#3f1c9155e73b192022a80819bacd0343711697b0"
  integrity sha512-S/2fF5wH8SJA/kmwr6HYhK/RI/OkhD84k8ntalo0iJjZikgq1XFvR5M8NPT1x5F7fBwCG3qHfnzeP/Vh/ZxCUA==

jsonfile@^6.0.1:
  version "6.1.0"
  resolved "https://registry.npmjs.org/jsonfile/-/jsonfile-6.1.0.tgz#bc55b2634793c679ec6403094eb13698a6ec0aae"
  integrity sha512-5dgndWOriYSm5cnYaJNhalLNDKOqFwyDB/rr1E9ZsGciGvKPs8R2xYGCacuf3z6K1YKDz182fd+fY3cn3pMqXQ==
  dependencies:
    universalify "^2.0.0"
  optionalDependencies:
    graceful-fs "^4.1.6"

kind-of@^6.0.2:
  version "6.0.3"
  resolved "https://registry.npmjs.org/kind-of/-/kind-of-6.0.3.tgz#07c05034a6c349fa06e24fa35aa76db4580ce4dd"
  integrity sha512-dcS1ul+9tmeD95T+x28/ehLgd9mENa3LsvDTtzm3vyBEO7RPptvAD+t44WVXaUjTBRcrpFeFlC8WCruUR456hw==

lodash@^4.17.21:
  version "4.17.21"
  resolved "https://registry.npmjs.org/lodash/-/lodash-4.17.21.tgz#679591c564c3bffaae8454cf0b3df370c3d6911c"
  integrity sha512-v2kDEe57lecTulaDIuNTPy3Ry4gLGJ6Z1O3vE1krgXZNrsQ+LFTGHVxVjcXPs17LhbZVGedAJv8XZ1tvj5FvSg==

picomatch@^4.0.2:
  version "4.0.2"
  resolved "https://registry.npmjs.org/picomatch/-/picomatch-4.0.2.tgz#77c742931e8f3b8820946c76cd0c1f13730d1dab"
  integrity sha512-M7BAV6Rlcy5u+m6oPhAPFgJTzAioX/6B0DxyvDlo9l8+T3nLKbrczg2WLUyzd45L8RqfUMyGPzekbMvX2Ldkwg==

set-value@^4.1.0:
  version "4.1.0"
  resolved "https://registry.npmjs.org/set-value/-/set-value-4.1.0.tgz#aa433662d87081b75ad88a4743bd450f044e7d09"
  integrity sha512-zTEg4HL0RwVrqcWs3ztF+x1vkxfm0lP+MQQFPiMJTKVceBwEV0A569Ou8l9IYQG8jOZdMVI1hGsc0tmeD2o/Lw==
  dependencies:
    is-plain-object "^2.0.4"
    is-primitive "^3.0.1"

split-string@^6.1.0:
  version "6.1.0"
  resolved "https://registry.npmjs.org/split-string/-/split-string-6.1.0.tgz#e9cedcf94cdab077d9b5528927894dec4b0f42ab"
  integrity sha512-9UBdnmnvx2NLLd4bMs7CEKK+wSzbujVv3ONyorkP1o8M3pVJQtXDO1cN19xD1JJs6ltOrtPrkUND0HzLSinUcA==

ts-type@^3.0.1:
  version "3.0.1"
  resolved "https://registry.npmjs.org/ts-type/-/ts-type-3.0.1.tgz#b52e7623065e0beb43c77c426347d85cf81dff84"
  integrity sha512-cleRydCkBGBFQ4KAvLH0ARIkciduS745prkGVVxPGvcRGhMMoSJUB7gNR1ByKhFTEYrYRg2CsMRGYnqp+6op+g==
  dependencies:
    "@types/node" "*"
    tslib ">=2"
    typedarray-dts "^1.0.0"

tslib@*, tslib@>=2, tslib@^2:
  version "2.6.2"
  resolved "https://registry.npmjs.org/tslib/-/tslib-2.6.2.tgz#703ac29425e7b37cd6fd456e92404d46d1f3e4ae"
  integrity sha512-AEYxH93jGFPn/a2iVAwW87VuUIkR1FVUKB77NwMF7nBTDkDrrT/Hpt/IrCJ0QXhW27jTBDcf5ZY7w6RiqTMw2Q==

type-detect@^4.0.0:
  version "4.0.8"
  resolved "https://registry.npmjs.org/type-detect/-/type-detect-4.0.8.tgz#7646fb5f18871cfbb7749e69bd39a6388eb7450c"
  integrity sha512-0fr/mIH1dlO+x7TlcMy+bIDqKPsw/70tVyeHW787goQjhmqaZe10uwLujubK9q9Lg6Fiho1KUKDYz0Z7k7g5/g==

typedarray-dts@^1.0.0:
  version "1.0.0"
  resolved "https://registry.npmjs.org/typedarray-dts/-/typedarray-dts-1.0.0.tgz#9dec9811386dbfba964c295c2606cf9a6b982d06"
  integrity sha512-Ka0DBegjuV9IPYFT1h0Qqk5U4pccebNIJCGl8C5uU7xtOs+jpJvKGAY4fHGK25hTmXZOEUl9Cnsg5cS6K/b5DA==

undici-types@~5.26.4:
  version "5.26.5"
  resolved "https://registry.npmjs.org/undici-types/-/undici-types-5.26.5.tgz#bcd539893d00b56e964fd2657a4866b221a65617"
  integrity sha512-JlCMO+ehdEIKqlFxk6IfVoAUVmgz7cU7zD/h9XZ0qzeosSHmUJVOzSQvvYSYWXkFXC+IfLKSIffhv0sVZup6pA==

universalify@^2.0.0:
  version "2.0.1"
  resolved "https://registry.npmjs.org/universalify/-/universalify-2.0.1.tgz#168efc2180964e6386d061e094df61afe239b18d"
  integrity sha512-gptHNQghINnc/vTGIk0SOFGFNXw7JVrlRUtConJRlvaw6DuX0wO5Jeko9sWrMBhh+PsYAZ7oXAiOnf/UKogyiw==

yaml@^2.4.2:
  version "2.4.2"
  resolved "https://registry.npmjs.org/yaml/-/yaml-2.4.2.tgz#7a2b30f2243a5fc299e1f14ca58d475ed4bc5362"
  integrity sha512-B3VqDZ+JAg1nZpaEmWtTXUlBneoGx6CPM9b0TENK6aoSu5t73dItudwdgmi6tHlIZZId4dZ9skcAQ2UbcyAeVA==
